
Microsoft Visual Studio Solution File, Format Version 12.00
# Visual Studio Version 16
VisualStudioVersion = 16.0.34114.132
MinimumVisualStudioVersion = 10.0.40219.1
Project("{FAE04EC0-301F-11D3-BF4B-00C04F79EFBC}") = "HesapMakinesi", "HesapMakinesi\HesapMakinesi.csproj", "{F93FE9F5-950B-4104-A4C3-7152C4E23AB9}"
EndProject
Global
	GlobalSection(SolutionConfigurationPlatforms) = preSolution
		Debug|Any CPU = Debug|Any CPU
		Release|Any CPU = Release|Any CPU
	EndGlobalSection
	GlobalSection(ProjectConfigurationPlatforms) = postSolution
		{F93FE9F5-950B-4104-A4C3-7152C4E23AB9}.Debug|Any CPU.ActiveCfg = Debug|Any CPU
		{F93FE9F5-950B-4104-A4C3-7152C4E23AB9}.Debug|Any CPU.Build.0 = Debug|Any CPU
		{F93FE9F5-950B-4104-A4C3-7152C4E23AB9}.Release|Any CPU.ActiveCfg = Release|Any CPU
		{F93FE9F5-950B-4104-A4C3-7152C4E23AB9}.Release|Any CPU.Build.0 = Release|Any CPU
	EndGlobalSection
	GlobalSection(SolutionProperties) = preSolution
		HideSolutionNode = FALSE
	EndGlobalSection
	GlobalSection(ExtensibilityGlobals) = postSolution
		SolutionGuid = {BDBB1876-343F-45AE-89D0-739E6167C90A}
	EndGlobalSection
EndGlobal
